
Microsoft Visual Studio Solution File, Format Version 11.00
# Visual Studio 2010
Project("{8BC9CEB8-8B4A-11D0-8D11-00A0C91BC942}") = "ImgResizer", "ImgResizer\ImgResizer.vcxproj", "{3CBBCBFD-7355-47D0-827A-886D2A8E7342}"
EndProject
Global
	GlobalSection(SolutionConfigurationPlatforms) = preSolution
		Debug|Win32 = Debug|Win32
		Release|Win32 = Release|Win32
	EndGlobalSection
	GlobalSection(ProjectConfigurationPlatforms) = postSolution
		{3CBBCBFD-7355-47D0-827A-886D2A8E7342}.Debug|Win32.ActiveCfg = Debug|Win32
		{3CBBCBFD-7355-47D0-827A-886D2A8E7342}.Debug|Win32.Build.0 = Debug|Win32
		{3CBBCBFD-7355-47D0-827A-886D2A8E7342}.Release|Win32.ActiveCfg = Release|Win32
		{3CBBCBFD-7355-47D0-827A-886D2A8E7342}.Release|Win32.Build.0 = Release|Win32
	EndGlobalSection
	GlobalSection(SolutionProperties) = preSolution
		HideSolutionNode = FALSE
	EndGlobalSection
EndGlobal
